
Microsoft Visual Studio Solution File, Format Version 12.00
# Visual Studio 15
VisualStudioVersion = 15.0.26430.16
MinimumVisualStudioVersion = 10.0.40219.1
Project("{FAE04EC0-301F-11D3-BF4B-00C04F79EFBC}") = "Linq.HeapSort", "Linq.HeapSort\Linq.HeapSort.csproj", "{08B74AFC-489C-4309-8057-213123F3C63A}"
EndProject
Project("{FAE04EC0-301F-11D3-BF4B-00C04F79EFBC}") = "ExampleApp", "ExampleApp\ExampleApp.csproj", "{AEA04328-EFA8-4E33-A18E-5B50ED56F351}"
EndProject
Project("{FAE04EC0-301F-11D3-BF4B-00C04F79EFBC}") = "Linq.HeapSort.Tests", "Linq.HeapSort.Tests\Linq.HeapSort.Tests.csproj", "{929CECC5-D8E5-40CA-82BF-9E9B7C9325DA}"
EndProject
Global
	GlobalSection(SolutionConfigurationPlatforms) = preSolution
		Debug|Any CPU = Debug|Any CPU
		Release|Any CPU = Release|Any CPU
	EndGlobalSection
	GlobalSection(ProjectConfigurationPlatforms) = postSolution
		{08B74AFC-489C-4309-8057-213123F3C63A}.Debug|Any CPU.ActiveCfg = Debug|Any CPU
		{08B74AFC-489C-4309-8057-213123F3C63A}.Debug|Any CPU.Build.0 = Debug|Any CPU
		{08B74AFC-489C-4309-8057-213123F3C63A}.Release|Any CPU.ActiveCfg = Release|Any CPU
		{08B74AFC-489C-4309-8057-213123F3C63A}.Release|Any CPU.Build.0 = Release|Any CPU
		{AEA04328-EFA8-4E33-A18E-5B50ED56F351}.Debug|Any CPU.ActiveCfg = Debug|Any CPU
		{AEA04328-EFA8-4E33-A18E-5B50ED56F351}.Debug|Any CPU.Build.0 = Debug|Any CPU
		{AEA04328-EFA8-4E33-A18E-5B50ED56F351}.Release|Any CPU.ActiveCfg = Release|Any CPU
		{AEA04328-EFA8-4E33-A18E-5B50ED56F351}.Release|Any CPU.Build.0 = Release|Any CPU
		{929CECC5-D8E5-40CA-82BF-9E9B7C9325DA}.Debug|Any CPU.ActiveCfg = Debug|Any CPU
		{929CECC5-D8E5-40CA-82BF-9E9B7C9325DA}.Debug|Any CPU.Build.0 = Debug|Any CPU
		{929CECC5-D8E5-40CA-82BF-9E9B7C9325DA}.Release|Any CPU.ActiveCfg = Release|Any CPU
		{929CECC5-D8E5-40CA-82BF-9E9B7C9325DA}.Release|Any CPU.Build.0 = Release|Any CPU
	EndGlobalSection
	GlobalSection(SolutionProperties) = preSolution
		HideSolutionNode = FALSE
	EndGlobalSection
EndGlobal
